
Microsoft Visual Studio Solution File, Format Version 12.00
# Visual Studio 15
VisualStudioVersion = 15.0.28307.168
MinimumVisualStudioVersion = 10.0.40219.1
Project("{8BC9CEB8-8B4A-11D0-8D11-00A0C91BC942}") = "Gameboy", "Gameboy\Gameboy.vcxproj", "{3494C867-6F62-415A-A898-56B1344F8F6A}"
EndProject
Project("{8BC9CEB8-8B4A-11D0-8D11-00A0C91BC942}") = "Gameboy-Test", "Gameboy-Test\Gameboy-Test.vcxproj", "{34E099F9-95AF-4840-A164-773D3E3231DA}"
EndProject
Project("{8BC9CEB8-8B4A-11D0-8D11-00A0C91BC942}") = "GameboyLib", "GameboyLib\GameboyLib.vcxproj", "{A365979E-DE6B-40D7-9878-409CD4CF92B6}"
EndProject
Global
	GlobalSection(SolutionConfigurationPlatforms) = preSolution
		Debug|x64 = Debug|x64
		Debug|x86 = Debug|x86
		Release|x64 = Release|x64
		Release|x86 = Release|x86
	EndGlobalSection
	GlobalSection(ProjectConfigurationPlatforms) = postSolution
		{3494C867-6F62-415A-A898-56B1344F8F6A}.Debug|x64.ActiveCfg = Debug|x64
		{3494C867-6F62-415A-A898-56B1344F8F6A}.Debug|x64.Build.0 = Debug|x64
		{3494C867-6F62-415A-A898-56B1344F8F6A}.Debug|x86.ActiveCfg = Debug|Win32
		{3494C867-6F62-415A-A898-56B1344F8F6A}.Debug|x86.Build.0 = Debug|Win32
		{3494C867-6F62-415A-A898-56B1344F8F6A}.Release|x64.ActiveCfg = Release|x64
		{3494C867-6F62-415A-A898-56B1344F8F6A}.Release|x64.Build.0 = Release|x64
		{3494C867-6F62-415A-A898-56B1344F8F6A}.Release|x86.ActiveCfg = Release|Win32
		{3494C867-6F62-415A-A898-56B1344F8F6A}.Release|x86.Build.0 = Release|Win32
		{34E099F9-95AF-4840-A164-773D3E3231DA}.Debug|x64.ActiveCfg = Debug|x64
		{34E099F9-95AF-4840-A164-773D3E3231DA}.Debug|x64.Build.0 = Debug|x64
		{34E099F9-95AF-4840-A164-773D3E3231DA}.Debug|x86.ActiveCfg = Debug|Win32
		{34E099F9-95AF-4840-A164-773D3E3231DA}.Debug|x86.Build.0 = Debug|Win32
		{34E099F9-95AF-4840-A164-773D3E3231DA}.Release|x64.ActiveCfg = Release|x64
		{34E099F9-95AF-4840-A164-773D3E3231DA}.Release|x64.Build.0 = Release|x64
		{34E099F9-95AF-4840-A164-773D3E3231DA}.Release|x86.ActiveCfg = Release|Win32
		{34E099F9-95AF-4840-A164-773D3E3231DA}.Release|x86.Build.0 = Release|Win32
		{A365979E-DE6B-40D7-9878-409CD4CF92B6}.Debug|x64.ActiveCfg = Debug|x64
		{A365979E-DE6B-40D7-9878-409CD4CF92B6}.Debug|x64.Build.0 = Debug|x64
		{A365979E-DE6B-40D7-9878-409CD4CF92B6}.Debug|x86.ActiveCfg = Debug|Win32
		{A365979E-DE6B-40D7-9878-409CD4CF92B6}.Debug|x86.Build.0 = Debug|Win32
		{A365979E-DE6B-40D7-9878-409CD4CF92B6}.Release|x64.ActiveCfg = Release|x64
		{A365979E-DE6B-40D7-9878-409CD4CF92B6}.Release|x64.Build.0 = Release|x64
		{A365979E-DE6B-40D7-9878-409CD4CF92B6}.Release|x86.ActiveCfg = Release|Win32
		{A365979E-DE6B-40D7-9878-409CD4CF92B6}.Release|x86.Build.0 = Release|Win32
	EndGlobalSection
	GlobalSection(SolutionProperties) = preSolution
		HideSolutionNode = FALSE
	EndGlobalSection
	GlobalSection(ExtensibilityGlobals) = postSolution
		SolutionGuid = {1213C0A0-3685-4C7A-A3C4-42CD0F97D383}
	EndGlobalSection
EndGlobal
